
Microsoft Visual Studio Solution File, Format Version 12.00
# Visual Studio Version 17
VisualStudioVersion = 17.13.35828.75 d17.13
MinimumVisualStudioVersion = 10.0.40219.1
Project("{FAE04EC0-301F-11D3-BF4B-00C04F79EFBC}") = "LucasBank", "LucasBank\LucasBank.csproj", "{22D41489-0172-4E91-8D41-D540C8F47823}"
EndProject
Global
	GlobalSection(SolutionConfigurationPlatforms) = preSolution
		Debug|Any CPU = Debug|Any CPU
		Release|Any CPU = Release|Any CPU
	EndGlobalSection
	GlobalSection(ProjectConfigurationPlatforms) = postSolution
		{22D41489-0172-4E91-8D41-D540C8F47823}.Debug|Any CPU.ActiveCfg = Debug|Any CPU
		{22D41489-0172-4E91-8D41-D540C8F47823}.Debug|Any CPU.Build.0 = Debug|Any CPU
		{22D41489-0172-4E91-8D41-D540C8F47823}.Release|Any CPU.ActiveCfg = Release|Any CPU
		{22D41489-0172-4E91-8D41-D540C8F47823}.Release|Any CPU.Build.0 = Release|Any CPU
	EndGlobalSection
	GlobalSection(SolutionProperties) = preSolution
		HideSolutionNode = FALSE
	EndGlobalSection
	GlobalSection(ExtensibilityGlobals) = postSolution
		SolutionGuid = {B295D1B2-02F1-450F-AF3B-86831B487F14}
	EndGlobalSection
EndGlobal
